
Microsoft Visual Studio Solution File, Format Version 12.00
# Visual Studio Version 17
VisualStudioVersion = 17.7.34003.232
MinimumVisualStudioVersion = 10.0.40219.1
Project("{8BC9CEB8-8B4A-11D0-8D11-00A0C91BC942}") = "GGPA", "GGPA\GGPA.vcxproj", "{3520FA27-F8F6-4A23-97A6-4DC8E4F0FF8F}"
EndProject
Global
	GlobalSection(SolutionConfigurationPlatforms) = preSolution
		Debug|x64 = Debug|x64
		Debug|x86 = Debug|x86
		Release|x64 = Release|x64
		Release|x86 = Release|x86
	EndGlobalSection
	GlobalSection(ProjectConfigurationPlatforms) = postSolution
		{3520FA27-F8F6-4A23-97A6-4DC8E4F0FF8F}.Debug|x64.ActiveCfg = Debug|x64
		{3520FA27-F8F6-4A23-97A6-4DC8E4F0FF8F}.Debug|x64.Build.0 = Debug|x64
		{3520FA27-F8F6-4A23-97A6-4DC8E4F0FF8F}.Debug|x86.ActiveCfg = Debug|Win32
		{3520FA27-F8F6-4A23-97A6-4DC8E4F0FF8F}.Debug|x86.Build.0 = Debug|Win32
		{3520FA27-F8F6-4A23-97A6-4DC8E4F0FF8F}.Release|x64.ActiveCfg = Release|x64
		{3520FA27-F8F6-4A23-97A6-4DC8E4F0FF8F}.Release|x64.Build.0 = Release|x64
		{3520FA27-F8F6-4A23-97A6-4DC8E4F0FF8F}.Release|x86.ActiveCfg = Release|Win32
		{3520FA27-F8F6-4A23-97A6-4DC8E4F0FF8F}.Release|x86.Build.0 = Release|Win32
	EndGlobalSection
	GlobalSection(SolutionProperties) = preSolution
		HideSolutionNode = FALSE
	EndGlobalSection
	GlobalSection(ExtensibilityGlobals) = postSolution
		SolutionGuid = {D3C226B2-B26F-4A96-BCC1-F50D76B2B61D}
	EndGlobalSection
EndGlobal
